{
  "name": "gatsby-starter-netlify-cms",
  "version": "1.1.3",
  "lockfileVersion": 1,
  "requires": true,
  "dependencies": {
    "gatsby-plugin-provide-react": {
      "version": "1.0.2",
      "resolved": "https://registry.npmjs.org/gatsby-plugin-provide-react/-/gatsby-plugin-provide-react-1.0.2.tgz",
      "integrity": "sha512-Zkbs0uiniXDvtGT86+bTCdj0cuT9REpGJxJTIKLQJW3AvmAdh/MAMwWzMdyMrX1cwjqDPZBFC7bw7A49iP/fyw=="
    },
    "gatsby-plugin-scroll-reveal": {
      "version": "0.0.7",
      "resolved": "https://registry.npmjs.org/gatsby-plugin-scroll-reveal/-/gatsby-plugin-scroll-reveal-0.0.7.tgz",
      "integrity": "sha512-G9slNyz7WNVMwBeGXnQ/FhJc61Q9THkvUIAlft4Uws4QJKn0OdvsDqUAUQkTGKU8hkHhaMAKiugL/8gRYuAZZA==",
      "requires": {
        "intersection-observer": "^0.7.0",
        "sal.js": "^0.6.2"
      }
    },
    "intersection-observer": {
      "version": "0.7.0",
      "resolved": "https://registry.npmjs.org/intersection-observer/-/intersection-observer-0.7.0.tgz",
      "integrity": "sha512-Id0Fij0HsB/vKWGeBe9PxeY45ttRiBmhFyyt/geBdDHBYNctMRTE3dC1U3ujzz3lap+hVXlEcVaB56kZP/eEUg=="
    },
    "react-ticker": {
      "version": "1.3.2",
      "resolved": "https://registry.npmjs.org/react-ticker/-/react-ticker-1.3.2.tgz",
      "integrity": "sha512-9sLgc9gFx/EMNxn2QcwUJAOf3jdEROKRyXZGbWrEbfJG/MTkHwR+WRrVtypv3iFXPpcrKmPD91+vatHq0BgR0Q=="
    },
    "sal.js": {
      "version": "0.6.6",
      "resolved": "https://registry.npmjs.org/sal.js/-/sal.js-0.6.6.tgz",
      "integrity": "sha512-XuhEEHRnzWMKGTC3ndZ0pCXPA5xU2rrPhFbb82EIq7M3ctjkJIg/AxnnQwPvn7IZ+I2Ku6kaqNOuA64anDwEjg=="
    }
  }
}
